// !$*UTF8*$!
{
	archiveVersion = 1;
	classes = {
	};
	objectVersion = 46;
	objects = {

/* Begin PBXBuildFile section */
		127B88FFA4A440AAAA4396E1 /* libvpx.a in Frameworks */ = {isa = PBXBuildFile; fileRef = 7C10F07A02E144F8BE2BC913 /* libvpx.a */; };
		13B34104EA2040668EEF6D1D /* libmediashow.a in Frameworks */ = {isa = PBXBuildFile; fileRef = 2435378BEEC740D4843576D9 /* libmediashow.a */; };
		17FF7C3201B543E7869C6A90 /* libavformat.a in Frameworks */ = {isa = PBXBuildFile; fileRef = 3BF1A401C36544A1BB20DE60 /* libavformat.a */; };
		1B18A3DCFC914A1193232385 /* libaudio_processing_neon.a in Frameworks */ = {isa = PBXBuildFile; fileRef = DFF9B7D53D0B490097C91BAC /* libaudio_processing_neon.a */; };
		1D3623260D0F684500981E51 /* AppDelegate.m in Sources */ = {isa = PBXBuildFile; fileRef = 1D3623250D0F684500981E51 /* AppDelegate.m */; };
		1D60589B0D05DD56006BFB54 /* main.m in Sources */ = {isa = PBXBuildFile; fileRef = 29B97316FDCFA39411CA2CEA /* main.m */; };
		2568AF39E3D94CC1B195E2B4 /* CDVInAppBrowser.m in Sources */ = {isa = PBXBuildFile; fileRef = 979A890C5B0B4A8791C8D227 /* CDVInAppBrowser.m */; };
		2632C52788CC489DA0837610 /* libmp3lame.a in Frameworks */ = {isa = PBXBuildFile; fileRef = 9DEF84BA34114378B3561354 /* libmp3lame.a */; };
		288765FD0DF74451002DB57D /* CoreGraphics.framework in Frameworks */ = {isa = PBXBuildFile; fileRef = 288765FC0DF74451002DB57D /* CoreGraphics.framework */; };
		301BF552109A68D80062928A /* libCordova.a in Frameworks */ = {isa = PBXBuildFile; fileRef = 301BF535109A57CC0062928A /* libCordova.a */; };
		302D95F114D2391D003F00A1 /* MainViewController.m in Sources */ = {isa = PBXBuildFile; fileRef = 302D95EF14D2391D003F00A1 /* MainViewController.m */; };
		302D95F214D2391D003F00A1 /* MainViewController.xib in Resources */ = {isa = PBXBuildFile; fileRef = 302D95F014D2391D003F00A1 /* MainViewController.xib */; };
		305D5FD1115AB8F900A74A75 /* MobileCoreServices.framework in Frameworks */ = {isa = PBXBuildFile; fileRef = 305D5FD0115AB8F900A74A75 /* MobileCoreServices.framework */; };
		3088BBBD154F3926009F9C59 /* Default-Landscape@2x~ipad.png in Resources */ = {isa = PBXBuildFile; fileRef = 3088BBB7154F3926009F9C59 /* Default-Landscape@2x~ipad.png */; };
		3088BBBE154F3926009F9C59 /* Default-Landscape~ipad.png in Resources */ = {isa = PBXBuildFile; fileRef = 3088BBB8154F3926009F9C59 /* Default-Landscape~ipad.png */; };
		3088BBBF154F3926009F9C59 /* Default-Portrait@2x~ipad.png in Resources */ = {isa = PBXBuildFile; fileRef = 3088BBB9154F3926009F9C59 /* Default-Portrait@2x~ipad.png */; };
		3088BBC0154F3926009F9C59 /* Default-Portrait~ipad.png in Resources */ = {isa = PBXBuildFile; fileRef = 3088BBBA154F3926009F9C59 /* Default-Portrait~ipad.png */; };
		3088BBC1154F3926009F9C59 /* Default@2x~iphone.png in Resources */ = {isa = PBXBuildFile; fileRef = 3088BBBB154F3926009F9C59 /* Default@2x~iphone.png */; };
		3088BBC2154F3926009F9C59 /* Default~iphone.png in Resources */ = {isa = PBXBuildFile; fileRef = 3088BBBC154F3926009F9C59 /* Default~iphone.png */; };
		308D05371370CCF300D202BF /* icon-72.png in Resources */ = {isa = PBXBuildFile; fileRef = 308D052E1370CCF300D202BF /* icon-72.png */; };
		308D05381370CCF300D202BF /* icon.png in Resources */ = {isa = PBXBuildFile; fileRef = 308D052F1370CCF300D202BF /* icon.png */; };
		308D05391370CCF300D202BF /* icon@2x.png in Resources */ = {isa = PBXBuildFile; fileRef = 308D05301370CCF300D202BF /* icon@2x.png */; };
		30B4F30019D5E07200D9F7D8 /* Default-667h.png in Resources */ = {isa = PBXBuildFile; fileRef = 30B4F2FD19D5E07200D9F7D8 /* Default-667h.png */; };
		30B4F30119D5E07200D9F7D8 /* Default-736h.png in Resources */ = {isa = PBXBuildFile; fileRef = 30B4F2FE19D5E07200D9F7D8 /* Default-736h.png */; };
		30B4F30219D5E07200D9F7D8 /* Default-Landscape-736h.png in Resources */ = {isa = PBXBuildFile; fileRef = 30B4F2FF19D5E07200D9F7D8 /* Default-Landscape-736h.png */; };
		30C1856619D5FC0A00212699 /* icon-60@3x.png in Resources */ = {isa = PBXBuildFile; fileRef = 30C1856519D5FC0A00212699 /* icon-60@3x.png */; };
		30FC414916E50CA1004E6F35 /* icon-72@2x.png in Resources */ = {isa = PBXBuildFile; fileRef = 30FC414816E50CA1004E6F35 /* icon-72@2x.png */; };
		402AC110B06C4DE8B3D250AC /* libvo-amrwbenc.a in Frameworks */ = {isa = PBXBuildFile; fileRef = 4E972655321E45909BE553B2 /* libvo-amrwbenc.a */; };
		418ABA962B784650A5ED0B05 /* libaudio_processing.a in Frameworks */ = {isa = PBXBuildFile; fileRef = 24EF26F8677E4F568A800812 /* libaudio_processing.a */; };
		44470BE8E7214645B59CA10D /* CDVCamera.m in Sources */ = {isa = PBXBuildFile; fileRef = 0271363FD2E84B88BAB95544 /* CDVCamera.m */; };
		49351C3DF280424FAA2EA554 /* libyuv_neon.a in Frameworks */ = {isa = PBXBuildFile; fileRef = 78C8D82F743E45029659BD85 /* libyuv_neon.a */; };
		4F97760DD7A34138BA33CD0C /* libopencore-amrwb.a in Frameworks */ = {isa = PBXBuildFile; fileRef = CD4897E3F4EB4A198B1A642A /* libopencore-amrwb.a */; };
		50F7C758771045D29214B542 /* libmediautil.a in Frameworks */ = {isa = PBXBuildFile; fileRef = 9B3109FE213A4F5C99E11566 /* libmediautil.a */; };
		50FE03DCCE7549B68EF23C22 /* QuartzCore.framework in Frameworks */ = {isa = PBXBuildFile; fileRef = 642A7CC8CB774F71BEEC53DA /* QuartzCore.framework */; };
		516245310C9E46A884C9873A /* libanychatcore.a in Frameworks */ = {isa = PBXBuildFile; fileRef = 1ACFE62008AD41139962A08A /* libanychatcore.a */; };
		56AE205ECC59401F8EC8C504 /* libstdc++.6.dylib in Frameworks */ = {isa = PBXBuildFile; fileRef = 546AC92916714A9BB382205B /* libstdc++.6.dylib */; };
		59DFFD81BBA24B8889A62AE1 /* libc++.dylib in Frameworks */ = {isa = PBXBuildFile; fileRef = B56567D3638149EB8AF54417 /* libc++.dylib */; };
		5B1594DD16A7569C00FEF299 /* AssetsLibrary.framework in Frameworks */ = {isa = PBXBuildFile; fileRef = 5B1594DC16A7569C00FEF299 /* AssetsLibrary.framework */; };
		6056727718224D6D9D4918A1 /* libmediacore.a in Frameworks */ = {isa = PBXBuildFile; fileRef = BF71B31D753D4FF39387D2B2 /* libmediacore.a */; };
		685D1070E89548B2A8D29760 /* libyuv.a in Frameworks */ = {isa = PBXBuildFile; fileRef = 1A23536DD0B24575A65D11F6 /* libyuv.a */; };
		6B5098DE45634736836FBDE9 /* libcommon_audio.a in Frameworks */ = {isa = PBXBuildFile; fileRef = B69E80FB46944C4B89DC2746 /* libcommon_audio.a */; };
		6E90E5F77F714EF2814B282B /* CoreLocation.framework in Frameworks */ = {isa = PBXBuildFile; fileRef = 258B52E3A63747E2B9F94523 /* CoreLocation.framework */; };
		714A1237A9604128941F8DE4 /* CDVJpegHeaderWriter.m in Sources */ = {isa = PBXBuildFile; fileRef = 4EA0873398434CC484D310E4 /* CDVJpegHeaderWriter.m */; };
		735DB1C1372643AB93D9A19C /* VideoChatController.m in Sources */ = {isa = PBXBuildFile; fileRef = 100757230C8549B180E19657 /* VideoChatController.m */; };
		7E2EAF54FDB44614B7C35263 /* libstdc++.dylib in Frameworks */ = {isa = PBXBuildFile; fileRef = 1767E54A47A746469CE76259 /* libstdc++.dylib */; };
		7E7966DE1810823500FA85AD /* icon-40.png in Resources */ = {isa = PBXBuildFile; fileRef = 7E7966D41810823500FA85AD /* icon-40.png */; };
		7E7966DF1810823500FA85AD /* icon-40@2x.png in Resources */ = {isa = PBXBuildFile; fileRef = 7E7966D51810823500FA85AD /* icon-40@2x.png */; };
		7E7966E01810823500FA85AD /* icon-50.png in Resources */ = {isa = PBXBuildFile; fileRef = 7E7966D61810823500FA85AD /* icon-50.png */; };
		7E7966E11810823500FA85AD /* icon-50@2x.png in Resources */ = {isa = PBXBuildFile; fileRef = 7E7966D71810823500FA85AD /* icon-50@2x.png */; };
		7E7966E21810823500FA85AD /* icon-60.png in Resources */ = {isa = PBXBuildFile; fileRef = 7E7966D81810823500FA85AD /* icon-60.png */; };
		7E7966E31810823500FA85AD /* icon-60@2x.png in Resources */ = {isa = PBXBuildFile; fileRef = 7E7966D91810823500FA85AD /* icon-60@2x.png */; };
		7E7966E41810823500FA85AD /* icon-76.png in Resources */ = {isa = PBXBuildFile; fileRef = 7E7966DA1810823500FA85AD /* icon-76.png */; };
		7E7966E51810823500FA85AD /* icon-76@2x.png in Resources */ = {isa = PBXBuildFile; fileRef = 7E7966DB1810823500FA85AD /* icon-76@2x.png */; };
		7E7966E61810823500FA85AD /* icon-small.png in Resources */ = {isa = PBXBuildFile; fileRef = 7E7966DC1810823500FA85AD /* icon-small.png */; };
		7E7966E71810823500FA85AD /* icon-small@2x.png in Resources */ = {isa = PBXBuildFile; fileRef = 7E7966DD1810823500FA85AD /* icon-small@2x.png */; };
		7E9B1DEC982D403B81E3EA25 /* AVFoundation.framework in Frameworks */ = {isa = PBXBuildFile; fileRef = 075A7188959F4C8E8640BB65 /* AVFoundation.framework */; };
		7E9C939D4BB14CEF9C862E5C /* librtc_base_approved.a in Frameworks */ = {isa = PBXBuildFile; fileRef = D837903BD3BE48BC8C222B1F /* librtc_base_approved.a */; };
		7F1F910F0C404F6EB8C8D2F0 /* libavcodec.a in Frameworks */ = {isa = PBXBuildFile; fileRef = A8B2DCB571C744878E7E25A2 /* libavcodec.a */; };
		88B547E370CD4BB5AC79B065 /* UIImage+CropScaleOrientation.m in Sources */ = {isa = PBXBuildFile; fileRef = F7189D8DE2A8480CA6043AA5 /* UIImage+CropScaleOrientation.m */; };
		8B7FE4F0DFE84263937F50BB /* libswscale.a in Frameworks */ = {isa = PBXBuildFile; fileRef = 0F2D305205994FC7BC70882C /* libswscale.a */; };
		8CA6A5D86C024D768BC9A8D8 /* CoreMedia.framework in Frameworks */ = {isa = PBXBuildFile; fileRef = B76D37A1E4684EC7B7BD42CB /* CoreMedia.framework */; };
		A135B31B04214720BC8C23C7 /* libx264.a in Frameworks */ = {isa = PBXBuildFile; fileRef = 5E31056F5725471F8E9D6E1B /* libx264.a */; };
		A276FC3903BD4CC9B6511779 /* CoreAudio.framework in Frameworks */ = {isa = PBXBuildFile; fileRef = 5DFBC78A9F784964ACB255CE /* CoreAudio.framework */; };
		ABAAAD60B78F4FD2B5DF09AB /* libswresample.a in Frameworks */ = {isa = PBXBuildFile; fileRef = 41E97950A6144FDC9482FA5A /* libswresample.a */; };
		AE82EE01708645F3881EA6E4 /* CoreVideo.framework in Frameworks */ = {isa = PBXBuildFile; fileRef = E098BC5B61D843C497B51FC5 /* CoreVideo.framework */; };
		AEE03E32E9E749E19C1A198B /* libavutil.a in Frameworks */ = {isa = PBXBuildFile; fileRef = D0690A2B149E46AC9602AE15 /* libavutil.a */; };
		B2E8895922584760AFB87C0E /* libaudio_processing_sse2.a in Frameworks */ = {isa = PBXBuildFile; fileRef = 34C50A934D84411EBB8A2349 /* libaudio_processing_sse2.a */; };
		B76A488F888543F594BFEE08 /* VideoChatController.xib in Sources */ = {isa = PBXBuildFile; fileRef = 376C9ED3D1B84521A08E7C38 /* VideoChatController.xib */; };
		BD61D6D8F08149ACAA9063BC /* AudioToolbox.framework in Frameworks */ = {isa = PBXBuildFile; fileRef = 26B04C531FF94BD5A1D51A96 /* AudioToolbox.framework */; };
		D4A0D8761607E02300AEF8BB /* Default-568h@2x~iphone.png in Resources */ = {isa = PBXBuildFile; fileRef = D4A0D8751607E02300AEF8BB /* Default-568h@2x~iphone.png */; };
		D7D4F2D03C3944269E9DFC06 /* ImageIO.framework in Frameworks */ = {isa = PBXBuildFile; fileRef = 497E174D7DA84ABAA8DFDB4B /* ImageIO.framework */; settings = {ATTRIBUTES = (Weak, ); }; };
		DCADACC582884641867826E6 /* libcelt0.a in Frameworks */ = {isa = PBXBuildFile; fileRef = D24B457BC7B5449C902D06E7 /* libcelt0.a */; };
		DD6D4EEF94FE41C59F4055D5 /* libcommon_audio_neon.a in Frameworks */ = {isa = PBXBuildFile; fileRef = 859DCBE046994153A0719B87 /* libcommon_audio_neon.a */; };
		EA8125204FE943DBAE722DBB /* libsystem_wrappers.a in Frameworks */ = {isa = PBXBuildFile; fileRef = 26C7867AEE014E8EA6B48BDE /* libsystem_wrappers.a */; };
		F98ADFC30E5D49349DA6BC72 /* CDVAnyChatPlugin.m in Sources */ = {isa = PBXBuildFile; fileRef = CE234E4132254260A4E79173 /* CDVAnyChatPlugin.m */; };
		FE768F1337994E64AAF3BF84 /* libcommon_audio_sse2.a in Frameworks */ = {isa = PBXBuildFile; fileRef = D35AA1C481714C68B3447085 /* libcommon_audio_sse2.a */; };
/* End PBXBuildFile section */

/* Begin PBXContainerItemProxy section */
		301BF534109A57CC0062928A /* PBXContainerItemProxy */ = {
			isa = PBXContainerItemProxy;
			containerPortal = 301BF52D109A57CC0062928A /* CordovaLib.xcodeproj */;
			proxyType = 2;
			remoteGlobalIDString = D2AAC07E0554694100DB518D;
			remoteInfo = CordovaLib;
		};
		301BF550109A68C00062928A /* PBXContainerItemProxy */ = {
			isa = PBXContainerItemProxy;
			containerPortal = 301BF52D109A57CC0062928A /* CordovaLib.xcodeproj */;
			proxyType = 1;
			remoteGlobalIDString = D2AAC07D0554694100DB518D;
			remoteInfo = CordovaLib;
		};
/* End PBXContainerItemProxy section */

/* Begin PBXFileReference section */
		0271363FD2E84B88BAB95544 /* CDVCamera.m */ = {isa = PBXFileReference; fileEncoding = 4; lastKnownFileType = sourcecode.c.objc; name = CDVCamera.m; path = "cordova-plugin-camera/CDVCamera.m"; sourceTree = "<group>"; };
		0362E7BE288F4FD7AD4CF04E /* CDVJpegHeaderWriter.h */ = {isa = PBXFileReference; fileEncoding = 4; lastKnownFileType = sourcecode.c.h; name = CDVJpegHeaderWriter.h; path = "cordova-plugin-camera/CDVJpegHeaderWriter.h"; sourceTree = "<group>"; };
		075A7188959F4C8E8640BB65 /* AVFoundation.framework */ = {isa = PBXFileReference; fileEncoding = 4; lastKnownFileType = wrapper.framework; name = AVFoundation.framework; path = System/Library/Frameworks/AVFoundation.framework; sourceTree = SDKROOT; };
		0C97452C684542FABE9DA989 /* AnyChatErrorCode.h */ = {isa = PBXFileReference; fileEncoding = 4; lastKnownFileType = sourcecode.c.h; name = AnyChatErrorCode.h; path = com.cordova.plugin.AnyChatPlugin/AnyChatErrorCode.h; sourceTree = "<group>"; };
		0F2D305205994FC7BC70882C /* libswscale.a */ = {isa = PBXFileReference; fileEncoding = 4; lastKnownFileType = archive.ar; name = libswscale.a; path = Demo/Plugins/com.cordova.plugin.AnyChatPlugin/libswscale.a; sourceTree = "<group>"; };
		100757230C8549B180E19657 /* VideoChatController.m */ = {isa = PBXFileReference; fileEncoding = 4; lastKnownFileType = sourcecode.c.objc; name = VideoChatController.m; path = com.cordova.plugin.AnyChatPlugin/VideoChatController.m; sourceTree = "<group>"; };
		1767E54A47A746469CE76259 /* libstdc++.dylib */ = {isa = PBXFileReference; fileEncoding = 4; lastKnownFileType = "compiled.mach-o.dylib"; name = "libstdc++.dylib"; path = "usr/lib/libstdc++.dylib"; sourceTree = SDKROOT; };
		184EA3B1985F4A7EACCF4FC5 /* CDVAnyChatPlugin.h */ = {isa = PBXFileReference; fileEncoding = 4; lastKnownFileType = sourcecode.c.h; name = CDVAnyChatPlugin.h; path = com.cordova.plugin.AnyChatPlugin/CDVAnyChatPlugin.h; sourceTree = "<group>"; };
		1A23536DD0B24575A65D11F6 /* libyuv.a */ = {isa = PBXFileReference; fileEncoding = 4; lastKnownFileType = archive.ar; name = libyuv.a; path = Demo/Plugins/com.cordova.plugin.AnyChatPlugin/libyuv.a; sourceTree = "<group>"; };
		1ACFE62008AD41139962A08A /* libanychatcore.a */ = {isa = PBXFileReference; fileEncoding = 4; lastKnownFileType = archive.ar; name = libanychatcore.a; path = Demo/Plugins/com.cordova.plugin.AnyChatPlugin/libanychatcore.a; sourceTree = "<group>"; };
		1D3623240D0F684500981E51 /* AppDelegate.h */ = {isa = PBXFileReference; fileEncoding = 4; lastKnownFileType = sourcecode.c.h; path = AppDelegate.h; sourceTree = "<group>"; };
		1D3623250D0F684500981E51 /* AppDelegate.m */ = {isa = PBXFileReference; fileEncoding = 4; lastKnownFileType = sourcecode.c.objc; path = AppDelegate.m; sourceTree = "<group>"; };
		1D6058910D05DD3D006BFB54 /* Demo.app */ = {isa = PBXFileReference; explicitFileType = wrapper.application; includeInIndex = 0; path = Demo.app; sourceTree = BUILT_PRODUCTS_DIR; };
		2435378BEEC740D4843576D9 /* libmediashow.a */ = {isa = PBXFileReference; fileEncoding = 4; lastKnownFileType = archive.ar; name = libmediashow.a; path = Demo/Plugins/com.cordova.plugin.AnyChatPlugin/libmediashow.a; sourceTree = "<group>"; };
		24EF26F8677E4F568A800812 /* libaudio_processing.a */ = {isa = PBXFileReference; fileEncoding = 4; lastKnownFileType = archive.ar; name = libaudio_processing.a; path = Demo/Plugins/com.cordova.plugin.AnyChatPlugin/libaudio_processing.a; sourceTree = "<group>"; };
		258B52E3A63747E2B9F94523 /* CoreLocation.framework */ = {isa = PBXFileReference; fileEncoding = 4; lastKnownFileType = wrapper.framework; name = CoreLocation.framework; path = System/Library/Frameworks/CoreLocation.framework; sourceTree = SDKROOT; };
		26B04C531FF94BD5A1D51A96 /* AudioToolbox.framework */ = {isa = PBXFileReference; fileEncoding = 4; lastKnownFileType = wrapper.framework; name = AudioToolbox.framework; path = System/Library/Frameworks/AudioToolbox.framework; sourceTree = SDKROOT; };
		26C7867AEE014E8EA6B48BDE /* libsystem_wrappers.a */ = {isa = PBXFileReference; fileEncoding = 4; lastKnownFileType = archive.ar; name = libsystem_wrappers.a; path = Demo/Plugins/com.cordova.plugin.AnyChatPlugin/libsystem_wrappers.a; sourceTree = "<group>"; };
		288765FC0DF74451002DB57D /* CoreGraphics.framework */ = {isa = PBXFileReference; lastKnownFileType = wrapper.framework; name = CoreGraphics.framework; path = System/Library/Frameworks/CoreGraphics.framework; sourceTree = SDKROOT; };
		29B97316FDCFA39411CA2CEA /* main.m */ = {isa = PBXFileReference; fileEncoding = 4; lastKnownFileType = sourcecode.c.objc; path = main.m; sourceTree = "<group>"; };
		301BF52D109A57CC0062928A /* CordovaLib.xcodeproj */ = {isa = PBXFileReference; lastKnownFileType = "wrapper.pb-project"; name = CordovaLib.xcodeproj; path = CordovaLib/CordovaLib.xcodeproj; sourceTree = "<group>"; };
		301BF56E109A69640062928A /* www */ = {isa = PBXFileReference; lastKnownFileType = folder; path = www; sourceTree = SOURCE_ROOT; };
		302D95EE14D2391D003F00A1 /* MainViewController.h */ = {isa = PBXFileReference; fileEncoding = 4; lastKnownFileType = sourcecode.c.h; path = MainViewController.h; sourceTree = "<group>"; };
		302D95EF14D2391D003F00A1 /* MainViewController.m */ = {isa = PBXFileReference; fileEncoding = 4; lastKnownFileType = sourcecode.c.objc; path = MainViewController.m; sourceTree = "<group>"; };
		302D95F014D2391D003F00A1 /* MainViewController.xib */ = {isa = PBXFileReference; fileEncoding = 4; lastKnownFileType = file.xib; path = MainViewController.xib; sourceTree = "<group>"; };
		305D5FD0115AB8F900A74A75 /* MobileCoreServices.framework */ = {isa = PBXFileReference; lastKnownFileType = wrapper.framework; name = MobileCoreServices.framework; path = System/Library/Frameworks/MobileCoreServices.framework; sourceTree = SDKROOT; };
		3088BBB7154F3926009F9C59 /* Default-Landscape@2x~ipad.png */ = {isa = PBXFileReference; lastKnownFileType = image.png; path = "Default-Landscape@2x~ipad.png"; sourceTree = "<group>"; };
		3088BBB8154F3926009F9C59 /* Default-Landscape~ipad.png */ = {isa = PBXFileReference; lastKnownFileType = image.png; path = "Default-Landscape~ipad.png"; sourceTree = "<group>"; };
		3088BBB9154F3926009F9C59 /* Default-Portrait@2x~ipad.png */ = {isa = PBXFileReference; lastKnownFileType = image.png; path = "Default-Portrait@2x~ipad.png"; sourceTree = "<group>"; };
		3088BBBA154F3926009F9C59 /* Default-Portrait~ipad.png */ = {isa = PBXFileReference; lastKnownFileType = image.png; path = "Default-Portrait~ipad.png"; sourceTree = "<group>"; };
		3088BBBB154F3926009F9C59 /* Default@2x~iphone.png */ = {isa = PBXFileReference; lastKnownFileType = image.png; path = "Default@2x~iphone.png"; sourceTree = "<group>"; };
		3088BBBC154F3926009F9C59 /* Default~iphone.png */ = {isa = PBXFileReference; lastKnownFileType = image.png; path = "Default~iphone.png"; sourceTree = "<group>"; };
		308D052E1370CCF300D202BF /* icon-72.png */ = {isa = PBXFileReference; lastKnownFileType = image.png; path = "icon-72.png"; sourceTree = "<group>"; };
		308D052F1370CCF300D202BF /* icon.png */ = {isa = PBXFileReference; lastKnownFileType = image.png; path = icon.png; sourceTree = "<group>"; };
		308D05301370CCF300D202BF /* icon@2x.png */ = {isa = PBXFileReference; lastKnownFileType = image.png; path = "icon@2x.png"; sourceTree = "<group>"; };
		30B4F2FD19D5E07200D9F7D8 /* Default-667h.png */ = {isa = PBXFileReference; lastKnownFileType = image.png; path = "Default-667h.png"; sourceTree = "<group>"; };
		30B4F2FE19D5E07200D9F7D8 /* Default-736h.png */ = {isa = PBXFileReference; lastKnownFileType = image.png; path = "Default-736h.png"; sourceTree = "<group>"; };
		30B4F2FF19D5E07200D9F7D8 /* Default-Landscape-736h.png */ = {isa = PBXFileReference; lastKnownFileType = image.png; path = "Default-Landscape-736h.png"; sourceTree = "<group>"; };
		30C1856519D5FC0A00212699 /* icon-60@3x.png */ = {isa = PBXFileReference; lastKnownFileType = image.png; path = "icon-60@3x.png"; sourceTree = "<group>"; };
		30FC414816E50CA1004E6F35 /* icon-72@2x.png */ = {isa = PBXFileReference; lastKnownFileType = image.png; path = "icon-72@2x.png"; sourceTree = "<group>"; };
		32CA4F630368D1EE00C91783 /* Demo-Prefix.pch */ = {isa = PBXFileReference; fileEncoding = 4; lastKnownFileType = sourcecode.c.h; path = "Demo-Prefix.pch"; sourceTree = "<group>"; };
		34C50A934D84411EBB8A2349 /* libaudio_processing_sse2.a */ = {isa = PBXFileReference; fileEncoding = 4; lastKnownFileType = archive.ar; name = libaudio_processing_sse2.a; path = Demo/Plugins/com.cordova.plugin.AnyChatPlugin/libaudio_processing_sse2.a; sourceTree = "<group>"; };
		376C9ED3D1B84521A08E7C38 /* VideoChatController.xib */ = {isa = PBXFileReference; fileEncoding = 4; lastKnownFileType = file.xib; name = VideoChatController.xib; path = com.cordova.plugin.AnyChatPlugin/VideoChatController.xib; sourceTree = "<group>"; };
		3BF1A401C36544A1BB20DE60 /* libavformat.a */ = {isa = PBXFileReference; fileEncoding = 4; lastKnownFileType = archive.ar; name = libavformat.a; path = Demo/Plugins/com.cordova.plugin.AnyChatPlugin/libavformat.a; sourceTree = "<group>"; };
		41E97950A6144FDC9482FA5A /* libswresample.a */ = {isa = PBXFileReference; fileEncoding = 4; lastKnownFileType = archive.ar; name = libswresample.a; path = Demo/Plugins/com.cordova.plugin.AnyChatPlugin/libswresample.a; sourceTree = "<group>"; };
		497E174D7DA84ABAA8DFDB4B /* ImageIO.framework */ = {isa = PBXFileReference; fileEncoding = 4; lastKnownFileType = wrapper.framework; name = ImageIO.framework; path = System/Library/Frameworks/ImageIO.framework; sourceTree = SDKROOT; };
		4E972655321E45909BE553B2 /* libvo-amrwbenc.a */ = {isa = PBXFileReference; fileEncoding = 4; lastKnownFileType = archive.ar; name = "libvo-amrwbenc.a"; path = "Demo/Plugins/com.cordova.plugin.AnyChatPlugin/libvo-amrwbenc.a"; sourceTree = "<group>"; };
		4EA0873398434CC484D310E4 /* CDVJpegHeaderWriter.m */ = {isa = PBXFileReference; fileEncoding = 4; lastKnownFileType = sourcecode.c.objc; name = CDVJpegHeaderWriter.m; path = "cordova-plugin-camera/CDVJpegHeaderWriter.m"; sourceTree = "<group>"; };
		50B082E56BA74900AB08B4A6 /* CDVCamera.h */ = {isa = PBXFileReference; fileEncoding = 4; lastKnownFileType = sourcecode.c.h; name = CDVCamera.h; path = "cordova-plugin-camera/CDVCamera.h"; sourceTree = "<group>"; };
		546AC92916714A9BB382205B /* libstdc++.6.dylib */ = {isa = PBXFileReference; fileEncoding = 4; lastKnownFileType = "compiled.mach-o.dylib"; name = "libstdc++.6.dylib"; path = "usr/lib/libstdc++.6.dylib"; sourceTree = SDKROOT; };
		5B1594DC16A7569C00FEF299 /* AssetsLibrary.framework */ = {isa = PBXFileReference; lastKnownFileType = wrapper.framework; name = AssetsLibrary.framework; path = System/Library/Frameworks/AssetsLibrary.framework; sourceTree = SDKROOT; };
		5DFBC78A9F784964ACB255CE /* CoreAudio.framework */ = {isa = PBXFileReference; fileEncoding = 4; lastKnownFileType = wrapper.framework; name = CoreAudio.framework; path = System/Library/Frameworks/CoreAudio.framework; sourceTree = SDKROOT; };
		5E31056F5725471F8E9D6E1B /* libx264.a */ = {isa = PBXFileReference; fileEncoding = 4; lastKnownFileType = archive.ar; name = libx264.a; path = Demo/Plugins/com.cordova.plugin.AnyChatPlugin/libx264.a; sourceTree = "<group>"; };
		630DB75A672849559D9DF767 /* CDVExif.h */ = {isa = PBXFileReference; fileEncoding = 4; lastKnownFileType = sourcecode.c.h; name = CDVExif.h; path = "cordova-plugin-camera/CDVExif.h"; sourceTree = "<group>"; };
		642A7CC8CB774F71BEEC53DA /* QuartzCore.framework */ = {isa = PBXFileReference; fileEncoding = 4; lastKnownFileType = wrapper.framework; name = QuartzCore.framework; path = System/Library/Frameworks/QuartzCore.framework; sourceTree = SDKROOT; };
		727CD448500D4F769D9E9445 /* AnyChatObjectDefine.h */ = {isa = PBXFileReference; fileEncoding = 4; lastKnownFileType = sourcecode.c.h; name = AnyChatObjectDefine.h; path = com.cordova.plugin.AnyChatPlugin/AnyChatObjectDefine.h; sourceTree = "<group>"; };
		7778354ACF80404787292887 /* CDVInAppBrowser.h */ = {isa = PBXFileReference; fileEncoding = 4; lastKnownFileType = sourcecode.c.h; name = CDVInAppBrowser.h; path = "cordova-plugin-inappbrowser/CDVInAppBrowser.h"; sourceTree = "<group>"; };
		78C8D82F743E45029659BD85 /* libyuv_neon.a */ = {isa = PBXFileReference; fileEncoding = 4; lastKnownFileType = archive.ar; name = libyuv_neon.a; path = Demo/Plugins/com.cordova.plugin.AnyChatPlugin/libyuv_neon.a; sourceTree = "<group>"; };
		7C10F07A02E144F8BE2BC913 /* libvpx.a */ = {isa = PBXFileReference; fileEncoding = 4; lastKnownFileType = archive.ar; name = libvpx.a; path = Demo/Plugins/com.cordova.plugin.AnyChatPlugin/libvpx.a; sourceTree = "<group>"; };
		7DC91E4F89334544A4E55606 /* VideoChatController.h */ = {isa = PBXFileReference; fileEncoding = 4; lastKnownFileType = sourcecode.c.h; name = VideoChatController.h; path = com.cordova.plugin.AnyChatPlugin/VideoChatController.h; sourceTree = "<group>"; };
		7E7966D41810823500FA85AD /* icon-40.png */ = {isa = PBXFileReference; lastKnownFileType = image.png; path = "icon-40.png"; sourceTree = "<group>"; };
		7E7966D51810823500FA85AD /* icon-40@2x.png */ = {isa = PBXFileReference; lastKnownFileType = image.png; path = "icon-40@2x.png"; sourceTree = "<group>"; };
		7E7966D61810823500FA85AD /* icon-50.png */ = {isa = PBXFileReference; lastKnownFileType = image.png; path = "icon-50.png"; sourceTree = "<group>"; };
		7E7966D71810823500FA85AD /* icon-50@2x.png */ = {isa = PBXFileReference; lastKnownFileType = image.png; path = "icon-50@2x.png"; sourceTree = "<group>"; };
		7E7966D81810823500FA85AD /* icon-60.png */ = {isa = PBXFileReference; lastKnownFileType = image.png; path = "icon-60.png"; sourceTree = "<group>"; };
		7E7966D91810823500FA85AD /* icon-60@2x.png */ = {isa = PBXFileReference; lastKnownFileType = image.png; path = "icon-60@2x.png"; sourceTree = "<group>"; };
		7E7966DA1810823500FA85AD /* icon-76.png */ = {isa = PBXFileReference; lastKnownFileType = image.png; path = "icon-76.png"; sourceTree = "<group>"; };
		7E7966DB1810823500FA85AD /* icon-76@2x.png */ = {isa = PBXFileReference; lastKnownFileType = image.png; path = "icon-76@2x.png"; sourceTree = "<group>"; };
		7E7966DC1810823500FA85AD /* icon-small.png */ = {isa = PBXFileReference; lastKnownFileType = image.png; path = "icon-small.png"; sourceTree = "<group>"; };
		7E7966DD1810823500FA85AD /* icon-small@2x.png */ = {isa = PBXFileReference; lastKnownFileType = image.png; path = "icon-small@2x.png"; sourceTree = "<group>"; };
		859DCBE046994153A0719B87 /* libcommon_audio_neon.a */ = {isa = PBXFileReference; fileEncoding = 4; lastKnownFileType = archive.ar; name = libcommon_audio_neon.a; path = Demo/Plugins/com.cordova.plugin.AnyChatPlugin/libcommon_audio_neon.a; sourceTree = "<group>"; };
		8D1107310486CEB800E47090 /* Demo-Info.plist */ = {isa = PBXFileReference; fileEncoding = 4; lastKnownFileType = text.plist.xml; name = "Demo-Info.plist"; path = "../Demo-Info.plist"; plistStructureDefinitionIdentifier = "com.apple.xcode.plist.structure-definition.iphone.info-plist"; sourceTree = "<group>"; };
		979A890C5B0B4A8791C8D227 /* CDVInAppBrowser.m */ = {isa = PBXFileReference; fileEncoding = 4; lastKnownFileType = sourcecode.c.objc; name = CDVInAppBrowser.m; path = "cordova-plugin-inappbrowser/CDVInAppBrowser.m"; sourceTree = "<group>"; };
		9B3109FE213A4F5C99E11566 /* libmediautil.a */ = {isa = PBXFileReference; fileEncoding = 4; lastKnownFileType = archive.ar; name = libmediautil.a; path = Demo/Plugins/com.cordova.plugin.AnyChatPlugin/libmediautil.a; sourceTree = "<group>"; };
		9DEF84BA34114378B3561354 /* libmp3lame.a */ = {isa = PBXFileReference; fileEncoding = 4; lastKnownFileType = archive.ar; name = libmp3lame.a; path = Demo/Plugins/com.cordova.plugin.AnyChatPlugin/libmp3lame.a; sourceTree = "<group>"; };
		A3CAD2FD710E412CB23E54F9 /* AnyChatPlatform.h */ = {isa = PBXFileReference; fileEncoding = 4; lastKnownFileType = sourcecode.c.h; name = AnyChatPlatform.h; path = com.cordova.plugin.AnyChatPlugin/AnyChatPlatform.h; sourceTree = "<group>"; };
		A8B2DCB571C744878E7E25A2 /* libavcodec.a */ = {isa = PBXFileReference; fileEncoding = 4; lastKnownFileType = archive.ar; name = libavcodec.a; path = Demo/Plugins/com.cordova.plugin.AnyChatPlugin/libavcodec.a; sourceTree = "<group>"; };
		B56567D3638149EB8AF54417 /* libc++.dylib */ = {isa = PBXFileReference; fileEncoding = 4; lastKnownFileType = "compiled.mach-o.dylib"; name = "libc++.dylib"; path = "usr/lib/libc++.dylib"; sourceTree = SDKROOT; };
		B69E80FB46944C4B89DC2746 /* libcommon_audio.a */ = {isa = PBXFileReference; fileEncoding = 4; lastKnownFileType = archive.ar; name = libcommon_audio.a; path = Demo/Plugins/com.cordova.plugin.AnyChatPlugin/libcommon_audio.a; sourceTree = "<group>"; };
		B76D37A1E4684EC7B7BD42CB /* CoreMedia.framework */ = {isa = PBXFileReference; fileEncoding = 4; lastKnownFileType = wrapper.framework; name = CoreMedia.framework; path = System/Library/Frameworks/CoreMedia.framework; sourceTree = SDKROOT; };
		BF71B31D753D4FF39387D2B2 /* libmediacore.a */ = {isa = PBXFileReference; fileEncoding = 4; lastKnownFileType = archive.ar; name = libmediacore.a; path = Demo/Plugins/com.cordova.plugin.AnyChatPlugin/libmediacore.a; sourceTree = "<group>"; };
		C47A7C3C45514E13A1A21CC5 /* AnyChatDefine.h */ = {isa = PBXFileReference; fileEncoding = 4; lastKnownFileType = sourcecode.c.h; name = AnyChatDefine.h; path = com.cordova.plugin.AnyChatPlugin/AnyChatDefine.h; sourceTree = "<group>"; };
		CD4897E3F4EB4A198B1A642A /* libopencore-amrwb.a */ = {isa = PBXFileReference; fileEncoding = 4; lastKnownFileType = archive.ar; name = "libopencore-amrwb.a"; path = "Demo/Plugins/com.cordova.plugin.AnyChatPlugin/libopencore-amrwb.a"; sourceTree = "<group>"; };
		CE234E4132254260A4E79173 /* CDVAnyChatPlugin.m */ = {isa = PBXFileReference; fileEncoding = 4; lastKnownFileType = sourcecode.c.objc; name = CDVAnyChatPlugin.m; path = com.cordova.plugin.AnyChatPlugin/CDVAnyChatPlugin.m; sourceTree = "<group>"; };
		D0690A2B149E46AC9602AE15 /* libavutil.a */ = {isa = PBXFileReference; fileEncoding = 4; lastKnownFileType = archive.ar; name = libavutil.a; path = Demo/Plugins/com.cordova.plugin.AnyChatPlugin/libavutil.a; sourceTree = "<group>"; };
		D24B457BC7B5449C902D06E7 /* libcelt0.a */ = {isa = PBXFileReference; fileEncoding = 4; lastKnownFileType = archive.ar; name = libcelt0.a; path = Demo/Plugins/com.cordova.plugin.AnyChatPlugin/libcelt0.a; sourceTree = "<group>"; };
		D35AA1C481714C68B3447085 /* libcommon_audio_sse2.a */ = {isa = PBXFileReference; fileEncoding = 4; lastKnownFileType = archive.ar; name = libcommon_audio_sse2.a; path = Demo/Plugins/com.cordova.plugin.AnyChatPlugin/libcommon_audio_sse2.a; sourceTree = "<group>"; };
		D4A0D8751607E02300AEF8BB /* Default-568h@2x~iphone.png */ = {isa = PBXFileReference; lastKnownFileType = image.png; path = "Default-568h@2x~iphone.png"; sourceTree = "<group>"; };
		D837903BD3BE48BC8C222B1F /* librtc_base_approved.a */ = {isa = PBXFileReference; fileEncoding = 4; lastKnownFileType = archive.ar; name = librtc_base_approved.a; path = Demo/Plugins/com.cordova.plugin.AnyChatPlugin/librtc_base_approved.a; sourceTree = "<group>"; };
		DFF9B7D53D0B490097C91BAC /* libaudio_processing_neon.a */ = {isa = PBXFileReference; fileEncoding = 4; lastKnownFileType = archive.ar; name = libaudio_processing_neon.a; path = Demo/Plugins/com.cordova.plugin.AnyChatPlugin/libaudio_processing_neon.a; sourceTree = "<group>"; };
		E098BC5B61D843C497B51FC5 /* CoreVideo.framework */ = {isa = PBXFileReference; fileEncoding = 4; lastKnownFileType = wrapper.framework; name = CoreVideo.framework; path = System/Library/Frameworks/CoreVideo.framework; sourceTree = SDKROOT; };
		EB87FDF21871DA7A0020F90C /* merges */ = {isa = PBXFileReference; lastKnownFileType = folder; name = merges; path = ../../merges; sourceTree = "<group>"; };
		EB87FDF31871DA8E0020F90C /* www */ = {isa = PBXFileReference; lastKnownFileType = folder; name = www; path = ../../www; sourceTree = "<group>"; };
		EB87FDF41871DAF40020F90C /* config.xml */ = {isa = PBXFileReference; lastKnownFileType = text.xml; name = config.xml; path = ../../config.xml; sourceTree = "<group>"; };
		F7189D8DE2A8480CA6043AA5 /* UIImage+CropScaleOrientation.m */ = {isa = PBXFileReference; fileEncoding = 4; lastKnownFileType = sourcecode.c.objc; name = "UIImage+CropScaleOrientation.m"; path = "cordova-plugin-camera/UIImage+CropScaleOrientation.m"; sourceTree = "<group>"; };
		F840E1F0165FE0F500CFE078 /* config.xml */ = {isa = PBXFileReference; lastKnownFileType = text.xml; name = config.xml; path = Demo/config.xml; sourceTree = "<group>"; };
		F89CCFCD271E491AB8FF4052 /* UIImage+CropScaleOrientation.h */ = {isa = PBXFileReference; fileEncoding = 4; lastKnownFileType = sourcecode.c.h; name = "UIImage+CropScaleOrientation.h"; path = "cordova-plugin-camera/UIImage+CropScaleOrientation.h"; sourceTree = "<group>"; };
/* End PBXFileReference section */

/* Begin PBXFrameworksBuildPhase section */
		1D60588F0D05DD3D006BFB54 /* Frameworks */ = {
			isa = PBXFrameworksBuildPhase;
			buildActionMask = 2147483647;
			files = (
				5B1594DD16A7569C00FEF299 /* AssetsLibrary.framework in Frameworks */,
				301BF552109A68D80062928A /* libCordova.a in Frameworks */,
				288765FD0DF74451002DB57D /* CoreGraphics.framework in Frameworks */,
				305D5FD1115AB8F900A74A75 /* MobileCoreServices.framework in Frameworks */,
				D7D4F2D03C3944269E9DFC06 /* ImageIO.framework in Frameworks */,
				6E90E5F77F714EF2814B282B /* CoreLocation.framework in Frameworks */,
				7E9B1DEC982D403B81E3EA25 /* AVFoundation.framework in Frameworks */,
				516245310C9E46A884C9873A /* libanychatcore.a in Frameworks */,
				7F1F910F0C404F6EB8C8D2F0 /* libavcodec.a in Frameworks */,
				17FF7C3201B543E7869C6A90 /* libavformat.a in Frameworks */,
				AEE03E32E9E749E19C1A198B /* libavutil.a in Frameworks */,
				DCADACC582884641867826E6 /* libcelt0.a in Frameworks */,
				6056727718224D6D9D4918A1 /* libmediacore.a in Frameworks */,
				13B34104EA2040668EEF6D1D /* libmediashow.a in Frameworks */,
				50F7C758771045D29214B542 /* libmediautil.a in Frameworks */,
				2632C52788CC489DA0837610 /* libmp3lame.a in Frameworks */,
				4F97760DD7A34138BA33CD0C /* libopencore-amrwb.a in Frameworks */,
				ABAAAD60B78F4FD2B5DF09AB /* libswresample.a in Frameworks */,
				8B7FE4F0DFE84263937F50BB /* libswscale.a in Frameworks */,
				402AC110B06C4DE8B3D250AC /* libvo-amrwbenc.a in Frameworks */,
				127B88FFA4A440AAAA4396E1 /* libvpx.a in Frameworks */,
				A135B31B04214720BC8C23C7 /* libx264.a in Frameworks */,
				49351C3DF280424FAA2EA554 /* libyuv_neon.a in Frameworks */,
				685D1070E89548B2A8D29760 /* libyuv.a in Frameworks */,
				1B18A3DCFC914A1193232385 /* libaudio_processing_neon.a in Frameworks */,
				B2E8895922584760AFB87C0E /* libaudio_processing_sse2.a in Frameworks */,
				418ABA962B784650A5ED0B05 /* libaudio_processing.a in Frameworks */,
				DD6D4EEF94FE41C59F4055D5 /* libcommon_audio_neon.a in Frameworks */,
				FE768F1337994E64AAF3BF84 /* libcommon_audio_sse2.a in Frameworks */,
				6B5098DE45634736836FBDE9 /* libcommon_audio.a in Frameworks */,
				7E9C939D4BB14CEF9C862E5C /* librtc_base_approved.a in Frameworks */,
				EA8125204FE943DBAE722DBB /* libsystem_wrappers.a in Frameworks */,
				BD61D6D8F08149ACAA9063BC /* AudioToolbox.framework in Frameworks */,
				50FE03DCCE7549B68EF23C22 /* QuartzCore.framework in Frameworks */,
				8CA6A5D86C024D768BC9A8D8 /* CoreMedia.framework in Frameworks */,
				AE82EE01708645F3881EA6E4 /* CoreVideo.framework in Frameworks */,
				A276FC3903BD4CC9B6511779 /* CoreAudio.framework in Frameworks */,
				59DFFD81BBA24B8889A62AE1 /* libc++.dylib in Frameworks */,
				7E2EAF54FDB44614B7C35263 /* libstdc++.dylib in Frameworks */,
				56AE205ECC59401F8EC8C504 /* libstdc++.6.dylib in Frameworks */,
			);
			runOnlyForDeploymentPostprocessing = 0;
		};
/* End PBXFrameworksBuildPhase section */

/* Begin PBXGroup section */
		080E96DDFE201D6D7F000001 /* Classes */ = {
			isa = PBXGroup;
			children = (
				302D95EE14D2391D003F00A1 /* MainViewController.h */,
				302D95EF14D2391D003F00A1 /* MainViewController.m */,
				302D95F014D2391D003F00A1 /* MainViewController.xib */,
				1D3623240D0F684500981E51 /* AppDelegate.h */,
				1D3623250D0F684500981E51 /* AppDelegate.m */,
			);
			name = Classes;
			path = Demo/Classes;
			sourceTree = SOURCE_ROOT;
		};
		19C28FACFE9D520D11CA2CBB /* Products */ = {
			isa = PBXGroup;
			children = (
				1D6058910D05DD3D006BFB54 /* Demo.app */,
			);
			name = Products;
			sourceTree = "<group>";
		};
		29B97314FDCFA39411CA2CEA /* CustomTemplate */ = {
			isa = PBXGroup;
			children = (
				EB87FDF41871DAF40020F90C /* config.xml */,
				EB87FDF31871DA8E0020F90C /* www */,
				EB87FDF21871DA7A0020F90C /* merges */,
				EB87FDF11871DA420020F90C /* Staging */,
				301BF52D109A57CC0062928A /* CordovaLib.xcodeproj */,
				080E96DDFE201D6D7F000001 /* Classes */,
				307C750510C5A3420062BCA9 /* Plugins */,
				29B97315FDCFA39411CA2CEA /* Other Sources */,
				29B97317FDCFA39411CA2CEA /* Resources */,
				29B97323FDCFA39411CA2CEA /* Frameworks */,
				19C28FACFE9D520D11CA2CBB /* Products */,
			);
			name = CustomTemplate;
			sourceTree = "<group>";
		};
		29B97315FDCFA39411CA2CEA /* Other Sources */ = {
			isa = PBXGroup;
			children = (
				32CA4F630368D1EE00C91783 /* Demo-Prefix.pch */,
				29B97316FDCFA39411CA2CEA /* main.m */,
			);
			name = "Other Sources";
			path = Demo;
			sourceTree = "<group>";
		};
		29B97317FDCFA39411CA2CEA /* Resources */ = {
			isa = PBXGroup;
			children = (
				308D052D1370CCF300D202BF /* icons */,
				308D05311370CCF300D202BF /* splash */,
				8D1107310486CEB800E47090 /* Demo-Info.plist */,
			);
			name = Resources;
			path = Demo/Resources;
			sourceTree = "<group>";
		};
		29B97323FDCFA39411CA2CEA /* Frameworks */ = {
			isa = PBXGroup;
			children = (
				5B1594DC16A7569C00FEF299 /* AssetsLibrary.framework */,
				288765FC0DF74451002DB57D /* CoreGraphics.framework */,
				305D5FD0115AB8F900A74A75 /* MobileCoreServices.framework */,
				497E174D7DA84ABAA8DFDB4B /* ImageIO.framework */,
				258B52E3A63747E2B9F94523 /* CoreLocation.framework */,
				075A7188959F4C8E8640BB65 /* AVFoundation.framework */,
				1ACFE62008AD41139962A08A /* libanychatcore.a */,
				A8B2DCB571C744878E7E25A2 /* libavcodec.a */,
				3BF1A401C36544A1BB20DE60 /* libavformat.a */,
				D0690A2B149E46AC9602AE15 /* libavutil.a */,
				D24B457BC7B5449C902D06E7 /* libcelt0.a */,
				BF71B31D753D4FF39387D2B2 /* libmediacore.a */,
				2435378BEEC740D4843576D9 /* libmediashow.a */,
				9B3109FE213A4F5C99E11566 /* libmediautil.a */,
				9DEF84BA34114378B3561354 /* libmp3lame.a */,
				CD4897E3F4EB4A198B1A642A /* libopencore-amrwb.a */,
				41E97950A6144FDC9482FA5A /* libswresample.a */,
				0F2D305205994FC7BC70882C /* libswscale.a */,
				4E972655321E45909BE553B2 /* libvo-amrwbenc.a */,
				7C10F07A02E144F8BE2BC913 /* libvpx.a */,
				5E31056F5725471F8E9D6E1B /* libx264.a */,
				78C8D82F743E45029659BD85 /* libyuv_neon.a */,
				1A23536DD0B24575A65D11F6 /* libyuv.a */,
				DFF9B7D53D0B490097C91BAC /* libaudio_processing_neon.a */,
				34C50A934D84411EBB8A2349 /* libaudio_processing_sse2.a */,
				24EF26F8677E4F568A800812 /* libaudio_processing.a */,
				859DCBE046994153A0719B87 /* libcommon_audio_neon.a */,
				D35AA1C481714C68B3447085 /* libcommon_audio_sse2.a */,
				B69E80FB46944C4B89DC2746 /* libcommon_audio.a */,
				D837903BD3BE48BC8C222B1F /* librtc_base_approved.a */,
				26C7867AEE014E8EA6B48BDE /* libsystem_wrappers.a */,
				26B04C531FF94BD5A1D51A96 /* AudioToolbox.framework */,
				642A7CC8CB774F71BEEC53DA /* QuartzCore.framework */,
				B76D37A1E4684EC7B7BD42CB /* CoreMedia.framework */,
				E098BC5B61D843C497B51FC5 /* CoreVideo.framework */,
				5DFBC78A9F784964ACB255CE /* CoreAudio.framework */,
				B56567D3638149EB8AF54417 /* libc++.dylib */,
				1767E54A47A746469CE76259 /* libstdc++.dylib */,
				546AC92916714A9BB382205B /* libstdc++.6.dylib */,
			);
			name = Frameworks;
			sourceTree = "<group>";
		};
		301BF52E109A57CC0062928A /* Products */ = {
			isa = PBXGroup;
			children = (
				301BF535109A57CC0062928A /* libCordova.a */,
			);
			name = Products;
			sourceTree = "<group>";
		};
		307C750510C5A3420062BCA9 /* Plugins */ = {
			isa = PBXGroup;
			children = (
				F7189D8DE2A8480CA6043AA5 /* UIImage+CropScaleOrientation.m */,
				0271363FD2E84B88BAB95544 /* CDVCamera.m */,
				4EA0873398434CC484D310E4 /* CDVJpegHeaderWriter.m */,
				F89CCFCD271E491AB8FF4052 /* UIImage+CropScaleOrientation.h */,
				50B082E56BA74900AB08B4A6 /* CDVCamera.h */,
				0362E7BE288F4FD7AD4CF04E /* CDVJpegHeaderWriter.h */,
				630DB75A672849559D9DF767 /* CDVExif.h */,
				979A890C5B0B4A8791C8D227 /* CDVInAppBrowser.m */,
				7778354ACF80404787292887 /* CDVInAppBrowser.h */,
				CE234E4132254260A4E79173 /* CDVAnyChatPlugin.m */,
				100757230C8549B180E19657 /* VideoChatController.m */,
				376C9ED3D1B84521A08E7C38 /* VideoChatController.xib */,
				184EA3B1985F4A7EACCF4FC5 /* CDVAnyChatPlugin.h */,
				C47A7C3C45514E13A1A21CC5 /* AnyChatDefine.h */,
				0C97452C684542FABE9DA989 /* AnyChatErrorCode.h */,
				727CD448500D4F769D9E9445 /* AnyChatObjectDefine.h */,
				A3CAD2FD710E412CB23E54F9 /* AnyChatPlatform.h */,
				7DC91E4F89334544A4E55606 /* VideoChatController.h */,
			);
			name = Plugins;
			path = Demo/Plugins;
			sourceTree = SOURCE_ROOT;
		};
		308D052D1370CCF300D202BF /* icons */ = {
			isa = PBXGroup;
			children = (
				30C1856519D5FC0A00212699 /* icon-60@3x.png */,
				7E7966D41810823500FA85AD /* icon-40.png */,
				7E7966D51810823500FA85AD /* icon-40@2x.png */,
				7E7966D61810823500FA85AD /* icon-50.png */,
				7E7966D71810823500FA85AD /* icon-50@2x.png */,
				7E7966D81810823500FA85AD /* icon-60.png */,
				7E7966D91810823500FA85AD /* icon-60@2x.png */,
				7E7966DA1810823500FA85AD /* icon-76.png */,
				7E7966DB1810823500FA85AD /* icon-76@2x.png */,
				7E7966DC1810823500FA85AD /* icon-small.png */,
				7E7966DD1810823500FA85AD /* icon-small@2x.png */,
				30FC414816E50CA1004E6F35 /* icon-72@2x.png */,
				308D052E1370CCF300D202BF /* icon-72.png */,
				308D052F1370CCF300D202BF /* icon.png */,
				308D05301370CCF300D202BF /* icon@2x.png */,
			);
			path = icons;
			sourceTree = "<group>";
		};
		308D05311370CCF300D202BF /* splash */ = {
			isa = PBXGroup;
			children = (
				30B4F2FD19D5E07200D9F7D8 /* Default-667h.png */,
				30B4F2FE19D5E07200D9F7D8 /* Default-736h.png */,
				30B4F2FF19D5E07200D9F7D8 /* Default-Landscape-736h.png */,
				D4A0D8751607E02300AEF8BB /* Default-568h@2x~iphone.png */,
				3088BBB7154F3926009F9C59 /* Default-Landscape@2x~ipad.png */,
				3088BBB8154F3926009F9C59 /* Default-Landscape~ipad.png */,
				3088BBB9154F3926009F9C59 /* Default-Portrait@2x~ipad.png */,
				3088BBBA154F3926009F9C59 /* Default-Portrait~ipad.png */,
				3088BBBB154F3926009F9C59 /* Default@2x~iphone.png */,
				3088BBBC154F3926009F9C59 /* Default~iphone.png */,
			);
			path = splash;
			sourceTree = "<group>";
		};
		EB87FDF11871DA420020F90C /* Staging */ = {
			isa = PBXGroup;
			children = (
				F840E1F0165FE0F500CFE078 /* config.xml */,
				301BF56E109A69640062928A /* www */,
			);
			name = Staging;
			sourceTree = "<group>";
		};
/* End PBXGroup section */

/* Begin PBXNativeTarget section */
		1D6058900D05DD3D006BFB54 /* Demo */ = {
			isa = PBXNativeTarget;
			buildConfigurationList = 1D6058960D05DD3E006BFB54 /* Build configuration list for PBXNativeTarget "Demo" */;
			buildPhases = (
				304B58A110DAC018002A0835 /* Copy www directory */,
				1D60588D0D05DD3D006BFB54 /* Resources */,
				1D60588E0D05DD3D006BFB54 /* Sources */,
				1D60588F0D05DD3D006BFB54 /* Frameworks */,
			);
			buildRules = (
			);
			dependencies = (
				301BF551109A68C00062928A /* PBXTargetDependency */,
			);
			name = Demo;
			productName = Demo;
			productReference = 1D6058910D05DD3D006BFB54 /* Demo.app */;
			productType = "com.apple.product-type.application";
		};
/* End PBXNativeTarget section */

/* Begin PBXProject section */
		29B97313FDCFA39411CA2CEA /* Project object */ = {
			isa = PBXProject;
			attributes = {
				LastUpgradeCheck = 510;
				TargetAttributes = {
					1D6058900D05DD3D006BFB54 = {
						DevelopmentTeam = 4XC7TF83KD;
					};
				};
			};
			buildConfigurationList = C01FCF4E08A954540054247B /* Build configuration list for PBXProject "Demo" */;
			compatibilityVersion = "Xcode 3.2";
			developmentRegion = English;
			hasScannedForEncodings = 1;
			knownRegions = (
				English,
				Japanese,
				French,
				German,
				en,
				es,
				de,
				se,
			);
			mainGroup = 29B97314FDCFA39411CA2CEA /* CustomTemplate */;
			projectDirPath = "";
			projectReferences = (
				{
					ProductGroup = 301BF52E109A57CC0062928A /* Products */;
					ProjectRef = 301BF52D109A57CC0062928A /* CordovaLib.xcodeproj */;
				},
			);
			projectRoot = "";
			targets = (
				1D6058900D05DD3D006BFB54 /* Demo */,
			);
		};
/* End PBXProject section */

/* Begin PBXReferenceProxy section */
		301BF535109A57CC0062928A /* libCordova.a */ = {
			isa = PBXReferenceProxy;
			fileType = archive.ar;
			path = libCordova.a;
			remoteRef = 301BF534109A57CC0062928A /* PBXContainerItemProxy */;
			sourceTree = BUILT_PRODUCTS_DIR;
		};
/* End PBXReferenceProxy section */

/* Begin PBXResourcesBuildPhase section */
		1D60588D0D05DD3D006BFB54 /* Resources */ = {
			isa = PBXResourcesBuildPhase;
			buildActionMask = 2147483647;
			files = (
				7E7966E41810823500FA85AD /* icon-76.png in Resources */,
				7E7966DF1810823500FA85AD /* icon-40@2x.png in Resources */,
				308D05371370CCF300D202BF /* icon-72.png in Resources */,
				30B4F30119D5E07200D9F7D8 /* Default-736h.png in Resources */,
				308D05381370CCF300D202BF /* icon.png in Resources */,
				308D05391370CCF300D202BF /* icon@2x.png in Resources */,
				302D95F214D2391D003F00A1 /* MainViewController.xib in Resources */,
				7E7966E01810823500FA85AD /* icon-50.png in Resources */,
				7E7966E31810823500FA85AD /* icon-60@2x.png in Resources */,
				7E7966E61810823500FA85AD /* icon-small.png in Resources */,
				3088BBBD154F3926009F9C59 /* Default-Landscape@2x~ipad.png in Resources */,
				3088BBBE154F3926009F9C59 /* Default-Landscape~ipad.png in Resources */,
				3088BBBF154F3926009F9C59 /* Default-Portrait@2x~ipad.png in Resources */,
				7E7966E71810823500FA85AD /* icon-small@2x.png in Resources */,
				3088BBC0154F3926009F9C59 /* Default-Portrait~ipad.png in Resources */,
				30B4F30019D5E07200D9F7D8 /* Default-667h.png in Resources */,
				7E7966DE1810823500FA85AD /* icon-40.png in Resources */,
				3088BBC1154F3926009F9C59 /* Default@2x~iphone.png in Resources */,
				7E7966E21810823500FA85AD /* icon-60.png in Resources */,
				3088BBC2154F3926009F9C59 /* Default~iphone.png in Resources */,
				D4A0D8761607E02300AEF8BB /* Default-568h@2x~iphone.png in Resources */,
				30B4F30219D5E07200D9F7D8 /* Default-Landscape-736h.png in Resources */,
				30C1856619D5FC0A00212699 /* icon-60@3x.png in Resources */,
				7E7966E11810823500FA85AD /* icon-50@2x.png in Resources */,
				7E7966E51810823500FA85AD /* icon-76@2x.png in Resources */,
				30FC414916E50CA1004E6F35 /* icon-72@2x.png in Resources */,
			);
			runOnlyForDeploymentPostprocessing = 0;
		};
/* End PBXResourcesBuildPhase section */

/* Begin PBXShellScriptBuildPhase section */
		304B58A110DAC018002A0835 /* Copy www directory */ = {
			isa = PBXShellScriptBuildPhase;
			buildActionMask = 2147483647;
			files = (
			);
			inputPaths = (
			);
			name = "Copy www directory";
			outputPaths = (
			);
			runOnlyForDeploymentPostprocessing = 0;
			shellPath = /bin/sh;
			shellScript = "NODEJS_PATH=/usr/local/bin; NVM_NODE_PATH=~/.nvm/versions/node/`nvm version 2>/dev/null`/bin; N_NODE_PATH=`find /usr/local/n/versions/node/* -maxdepth 0 -type d 2>/dev/null | tail -1`/bin; XCODE_NODE_PATH=`xcode-select --print-path`/usr/share/xcs/Node/bin; PATH=$NODEJS_PATH:$NVM_NODE_PATH:$N_NODE_PATH:$XCODE_NODE_PATH:$PATH && node cordova/lib/copy-www-build-step.js";
			showEnvVarsInLog = 0;
		};
/* End PBXShellScriptBuildPhase section */

/* Begin PBXSourcesBuildPhase section */
		1D60588E0D05DD3D006BFB54 /* Sources */ = {
			isa = PBXSourcesBuildPhase;
			buildActionMask = 2147483647;
			files = (
				1D60589B0D05DD56006BFB54 /* main.m in Sources */,
				1D3623260D0F684500981E51 /* AppDelegate.m in Sources */,
				302D95F114D2391D003F00A1 /* MainViewController.m in Sources */,
				88B547E370CD4BB5AC79B065 /* UIImage+CropScaleOrientation.m in Sources */,
				44470BE8E7214645B59CA10D /* CDVCamera.m in Sources */,
				714A1237A9604128941F8DE4 /* CDVJpegHeaderWriter.m in Sources */,
				2568AF39E3D94CC1B195E2B4 /* CDVInAppBrowser.m in Sources */,
				F98ADFC30E5D49349DA6BC72 /* CDVAnyChatPlugin.m in Sources */,
				735DB1C1372643AB93D9A19C /* VideoChatController.m in Sources */,
				B76A488F888543F594BFEE08 /* VideoChatController.xib in Sources */,
			);
			runOnlyForDeploymentPostprocessing = 0;
		};
/* End PBXSourcesBuildPhase section */

/* Begin PBXTargetDependency section */
		301BF551109A68C00062928A /* PBXTargetDependency */ = {
			isa = PBXTargetDependency;
			name = CordovaLib;
			targetProxy = 301BF550109A68C00062928A /* PBXContainerItemProxy */;
		};
/* End PBXTargetDependency section */

/* Begin XCBuildConfiguration section */
		1D6058940D05DD3E006BFB54 /* Debug */ = {
			isa = XCBuildConfiguration;
			buildSettings = {
				ALWAYS_SEARCH_USER_PATHS = NO;
				CLANG_ENABLE_OBJC_ARC = YES;
				CODE_SIGN_IDENTITY = "iPhone Developer";
				"CODE_SIGN_IDENTITY[sdk=iphoneos*]" = "iPhone Developer";
				COPY_PHASE_STRIP = NO;
				ENABLE_BITCODE = NO;
				GCC_DYNAMIC_NO_PIC = NO;
				GCC_OPTIMIZATION_LEVEL = 0;
				GCC_PRECOMPILE_PREFIX_HEADER = YES;
				GCC_PREFIX_HEADER = "Demo/Demo-Prefix.pch";
				GCC_THUMB_SUPPORT = NO;
				GCC_VERSION = "";
				INFOPLIST_FILE = "Demo/Demo-Info.plist";
				IPHONEOS_DEPLOYMENT_TARGET = 6.0;
				LIBRARY_SEARCH_PATHS = (
					"$(inherited)",
					"\"$(SRCROOT)/Demo/Plugins/com.cordova.plugin.AnyChatPlugin\"",
					"\"$(SRCROOT)/Demo/Plugins/com.cordova.plugin.AnyChatPlugin\"",
					"\"$(SRCROOT)/Demo/Plugins/com.cordova.plugin.AnyChatPlugin\"",
					"\"$(SRCROOT)/Demo/Plugins/com.cordova.plugin.AnyChatPlugin\"",
					"\"$(SRCROOT)/Demo/Plugins/com.cordova.plugin.AnyChatPlugin\"",
					"\"$(SRCROOT)/Demo/Plugins/com.cordova.plugin.AnyChatPlugin\"",
					"\"$(SRCROOT)/Demo/Plugins/com.cordova.plugin.AnyChatPlugin\"",
					"\"$(SRCROOT)/Demo/Plugins/com.cordova.plugin.AnyChatPlugin\"",
					"\"$(SRCROOT)/Demo/Plugins/com.cordova.plugin.AnyChatPlugin\"",
					"\"$(SRCROOT)/Demo/Plugins/com.cordova.plugin.AnyChatPlugin\"",
					"\"$(SRCROOT)/Demo/Plugins/com.cordova.plugin.AnyChatPlugin\"",
					"\"$(SRCROOT)/Demo/Plugins/com.cordova.plugin.AnyChatPlugin\"",
					"\"$(SRCROOT)/Demo/Plugins/com.cordova.plugin.AnyChatPlugin\"",
					"\"$(SRCROOT)/Demo/Plugins/com.cordova.plugin.AnyChatPlugin\"",
					"\"$(SRCROOT)/Demo/Plugins/com.cordova.plugin.AnyChatPlugin\"",
					"\"$(SRCROOT)/Demo/Plugins/com.cordova.plugin.AnyChatPlugin\"",
					"\"$(SRCROOT)/Demo/Plugins/com.cordova.plugin.AnyChatPlugin\"",
					"\"$(SRCROOT)/Demo/Plugins/com.cordova.plugin.AnyChatPlugin\"",
					"\"$(SRCROOT)/Demo/Plugins/com.cordova.plugin.AnyChatPlugin\"",
					"\"$(SRCROOT)/Demo/Plugins/com.cordova.plugin.AnyChatPlugin\"",
					"\"$(SRCROOT)/Demo/Plugins/com.cordova.plugin.AnyChatPlugin\"",
					"\"$(SRCROOT)/Demo/Plugins/com.cordova.plugin.AnyChatPlugin\"",
					"\"$(SRCROOT)/Demo/Plugins/com.cordova.plugin.AnyChatPlugin\"",
					"\"$(SRCROOT)/Demo/Plugins/com.cordova.plugin.AnyChatPlugin\"",
					"\"$(SRCROOT)/Demo/Plugins/com.cordova.plugin.AnyChatPlugin\"",
				);
				OTHER_LDFLAGS = (
					"-weak_framework",
					CoreFoundation,
					"-weak_framework",
					UIKit,
					"-weak_framework",
					AVFoundation,
					"-weak_framework",
					CoreMedia,
					"-weak-lSystem",
					"-ObjC",
				);
				PRODUCT_NAME = Demo;
				PROVISIONING_PROFILE = "";
				TARGETED_DEVICE_FAMILY = "1,2";
			};
			name = Debug;
		};
		1D6058950D05DD3E006BFB54 /* Release */ = {
			isa = XCBuildConfiguration;
			buildSettings = {
				ALWAYS_SEARCH_USER_PATHS = NO;
				CLANG_ENABLE_OBJC_ARC = YES;
				CODE_SIGN_IDENTITY = "iPhone Developer";
				"CODE_SIGN_IDENTITY[sdk=iphoneos*]" = "iPhone Developer";
				COPY_PHASE_STRIP = YES;
				ENABLE_BITCODE = NO;
				GCC_PRECOMPILE_PREFIX_HEADER = YES;
				GCC_PREFIX_HEADER = "Demo/Demo-Prefix.pch";
				GCC_THUMB_SUPPORT = NO;
				GCC_VERSION = "";
				INFOPLIST_FILE = "Demo/Demo-Info.plist";
				IPHONEOS_DEPLOYMENT_TARGET = 6.0;
				LIBRARY_SEARCH_PATHS = (
					"$(inherited)",
					"\"$(SRCROOT)/Demo/Plugins/com.cordova.plugin.AnyChatPlugin\"",
					"\"$(SRCROOT)/Demo/Plugins/com.cordova.plugin.AnyChatPlugin\"",
					"\"$(SRCROOT)/Demo/Plugins/com.cordova.plugin.AnyChatPlugin\"",
					"\"$(SRCROOT)/Demo/Plugins/com.cordova.plugin.AnyChatPlugin\"",
					"\"$(SRCROOT)/Demo/Plugins/com.cordova.plugin.AnyChatPlugin\"",
					"\"$(SRCROOT)/Demo/Plugins/com.cordova.plugin.AnyChatPlugin\"",
					"\"$(SRCROOT)/Demo/Plugins/com.cordova.plugin.AnyChatPlugin\"",
					"\"$(SRCROOT)/Demo/Plugins/com.cordova.plugin.AnyChatPlugin\"",
					"\"$(SRCROOT)/Demo/Plugins/com.cordova.plugin.AnyChatPlugin\"",
					"\"$(SRCROOT)/Demo/Plugins/com.cordova.plugin.AnyChatPlugin\"",
					"\"$(SRCROOT)/Demo/Plugins/com.cordova.plugin.AnyChatPlugin\"",
					"\"$(SRCROOT)/Demo/Plugins/com.cordova.plugin.AnyChatPlugin\"",
					"\"$(SRCROOT)/Demo/Plugins/com.cordova.plugin.AnyChatPlugin\"",
					"\"$(SRCROOT)/Demo/Plugins/com.cordova.plugin.AnyChatPlugin\"",
					"\"$(SRCROOT)/Demo/Plugins/com.cordova.plugin.AnyChatPlugin\"",
					"\"$(SRCROOT)/Demo/Plugins/com.cordova.plugin.AnyChatPlugin\"",
					"\"$(SRCROOT)/Demo/Plugins/com.cordova.plugin.AnyChatPlugin\"",
					"\"$(SRCROOT)/Demo/Plugins/com.cordova.plugin.AnyChatPlugin\"",
					"\"$(SRCROOT)/Demo/Plugins/com.cordova.plugin.AnyChatPlugin\"",
					"\"$(SRCROOT)/Demo/Plugins/com.cordova.plugin.AnyChatPlugin\"",
					"\"$(SRCROOT)/Demo/Plugins/com.cordova.plugin.AnyChatPlugin\"",
					"\"$(SRCROOT)/Demo/Plugins/com.cordova.plugin.AnyChatPlugin\"",
					"\"$(SRCROOT)/Demo/Plugins/com.cordova.plugin.AnyChatPlugin\"",
					"\"$(SRCROOT)/Demo/Plugins/com.cordova.plugin.AnyChatPlugin\"",
					"\"$(SRCROOT)/Demo/Plugins/com.cordova.plugin.AnyChatPlugin\"",
				);
				OTHER_LDFLAGS = (
					"-weak_framework",
					CoreFoundation,
					"-weak_framework",
					UIKit,
					"-weak_framework",
					AVFoundation,
					"-weak_framework",
					CoreMedia,
					"-weak-lSystem",
					"-ObjC",
				);
				PRODUCT_NAME = Demo;
				PROVISIONING_PROFILE = "";
				TARGETED_DEVICE_FAMILY = "1,2";
			};
			name = Release;
		};
		C01FCF4F08A954540054247B /* Debug */ = {
			isa = XCBuildConfiguration;
			buildSettings = {
				CLANG_ENABLE_OBJC_ARC = YES;
				CLANG_WARN_BOOL_CONVERSION = YES;
				CLANG_WARN_CONSTANT_CONVERSION = YES;
				CLANG_WARN_EMPTY_BODY = YES;
				CLANG_WARN_ENUM_CONVERSION = YES;
				CLANG_WARN_INT_CONVERSION = YES;
				CLANG_WARN__DUPLICATE_METHOD_MATCH = YES;
				"CODE_SIGN_IDENTITY[sdk=iphoneos*]" = "iPhone Developer";
				GCC_C_LANGUAGE_STANDARD = c99;
				GCC_THUMB_SUPPORT = NO;
				GCC_VERSION = "";
				GCC_WARN_ABOUT_RETURN_TYPE = YES;
				GCC_WARN_UNDECLARED_SELECTOR = YES;
				GCC_WARN_UNINITIALIZED_AUTOS = YES;
				GCC_WARN_UNUSED_FUNCTION = YES;
				GCC_WARN_UNUSED_VARIABLE = YES;
				HEADER_SEARCH_PATHS = (
					"\"$(TARGET_BUILD_DIR)/usr/local/lib/include\"",
					"\"$(OBJROOT)/UninstalledProducts/include\"",
					"\"$(BUILT_PRODUCTS_DIR)\"",
				);
				IPHONEOS_DEPLOYMENT_TARGET = 6.0;
				ONLY_ACTIVE_ARCH = YES;
				OTHER_LDFLAGS = (
					"-weak_framework",
					CoreFoundation,
					"-weak_framework",
					UIKit,
					"-weak_framework",
					AVFoundation,
					"-weak_framework",
					CoreMedia,
					"-weak-lSystem",
					"-ObjC",
				);
				SDKROOT = iphoneos;
				SKIP_INSTALL = NO;
				USER_HEADER_SEARCH_PATHS = "";
			};
			name = Debug;
		};
		C01FCF5008A954540054247B /* Release */ = {
			isa = XCBuildConfiguration;
			buildSettings = {
				CLANG_ENABLE_OBJC_ARC = YES;
				CLANG_WARN_BOOL_CONVERSION = YES;
				CLANG_WARN_CONSTANT_CONVERSION = YES;
				CLANG_WARN_EMPTY_BODY = YES;
				CLANG_WARN_ENUM_CONVERSION = YES;
				CLANG_WARN_INT_CONVERSION = YES;
				CLANG_WARN__DUPLICATE_METHOD_MATCH = YES;
				"CODE_SIGN_IDENTITY[sdk=iphoneos*]" = "iPhone Developer";
				GCC_C_LANGUAGE_STANDARD = c99;
				GCC_THUMB_SUPPORT = NO;
				GCC_VERSION = "";
				GCC_WARN_ABOUT_RETURN_TYPE = YES;
				GCC_WARN_UNDECLARED_SELECTOR = YES;
				GCC_WARN_UNINITIALIZED_AUTOS = YES;
				GCC_WARN_UNUSED_FUNCTION = YES;
				GCC_WARN_UNUSED_VARIABLE = YES;
				HEADER_SEARCH_PATHS = (
					"\"$(TARGET_BUILD_DIR)/usr/local/lib/include\"",
					"\"$(OBJROOT)/UninstalledProducts/include\"",
					"\"$(BUILT_PRODUCTS_DIR)\"",
					"\"$(OBJROOT)/UninstalledProducts/$(PLATFORM_NAME)/include\"",
				);
				IPHONEOS_DEPLOYMENT_TARGET = 6.0;
				OTHER_LDFLAGS = (
					"-weak_framework",
					CoreFoundation,
					"-weak_framework",
					UIKit,
					"-weak_framework",
					AVFoundation,
					"-weak_framework",
					CoreMedia,
					"-weak-lSystem",
					"-ObjC",
				);
				SDKROOT = iphoneos;
				SKIP_INSTALL = NO;
				USER_HEADER_SEARCH_PATHS = "";
			};
			name = Release;
		};
/* End XCBuildConfiguration section */

/* Begin XCConfigurationList section */
		1D6058960D05DD3E006BFB54 /* Build configuration list for PBXNativeTarget "Demo" */ = {
			isa = XCConfigurationList;
			buildConfigurations = (
				1D6058940D05DD3E006BFB54 /* Debug */,
				1D6058950D05DD3E006BFB54 /* Release */,
			);
			defaultConfigurationIsVisible = 0;
			defaultConfigurationName = Release;
		};
		C01FCF4E08A954540054247B /* Build configuration list for PBXProject "Demo" */ = {
			isa = XCConfigurationList;
			buildConfigurations = (
				C01FCF4F08A954540054247B /* Debug */,
				C01FCF5008A954540054247B /* Release */,
			);
			defaultConfigurationIsVisible = 0;
			defaultConfigurationName = Release;
		};
/* End XCConfigurationList section */
	};
	rootObject = 29B97313FDCFA39411CA2CEA /* Project object */;
}
